
Microsoft Visual Studio Solution File, Format Version 12.00
# Visual Studio Version 17
VisualStudioVersion = 17.0.32112.339
MinimumVisualStudioVersion = 10.0.40219.1
Project("{FAE04EC0-301F-11D3-BF4B-00C04F79EFBC}") = "Resetter", "Resetter.csproj", "{E4074693-5F9D-4793-8850-871EE231A314}"
EndProject
Project("{2150E333-8FDC-42A3-9474-1A3956D46DE8}") = "NewFolder1", "NewFolder1", "{2EE822D8-B954-42CF-98E1-9269BFB56DC5}"
EndProject
Global
	GlobalSection(SolutionConfigurationPlatforms) = preSolution
		Debug|Any CPU = Debug|Any CPU
		Debug|x64 = Debug|x64
		DebugDN|Any CPU = DebugDN|Any CPU
		DebugDN|x64 = DebugDN|x64
		DebugDNF|Any CPU = DebugDNF|Any CPU
		DebugDNF|x64 = DebugDNF|x64
		DebugDotNetFramework|Any CPU = DebugDotNetFramework|Any CPU
		DebugDotNetFramework|x64 = DebugDotNetFramework|x64
		DebugFULL|Any CPU = DebugFULL|Any CPU
		DebugFULL|x64 = DebugFULL|x64
		HeartBeat|Any CPU = HeartBeat|Any CPU
		HeartBeat|x64 = HeartBeat|x64
		Release|Any CPU = Release|Any CPU
		Release|x64 = Release|x64
	EndGlobalSection
	GlobalSection(ProjectConfigurationPlatforms) = postSolution
		{E4074693-5F9D-4793-8850-871EE231A314}.Debug|Any CPU.ActiveCfg = Debug|x64
		{E4074693-5F9D-4793-8850-871EE231A314}.Debug|Any CPU.Build.0 = Debug|x64
		{E4074693-5F9D-4793-8850-871EE231A314}.Debug|x64.ActiveCfg = Debug|x64
		{E4074693-5F9D-4793-8850-871EE231A314}.Debug|x64.Build.0 = Debug|x64
		{E4074693-5F9D-4793-8850-871EE231A314}.DebugDN|Any CPU.ActiveCfg = Release|Any CPU
		{E4074693-5F9D-4793-8850-871EE231A314}.DebugDN|Any CPU.Build.0 = Release|Any CPU
		{E4074693-5F9D-4793-8850-871EE231A314}.DebugDN|x64.ActiveCfg = Debug|x64
		{E4074693-5F9D-4793-8850-871EE231A314}.DebugDN|x64.Build.0 = Debug|x64
		{E4074693-5F9D-4793-8850-871EE231A314}.DebugDNF|Any CPU.ActiveCfg = Release|Any CPU
		{E4074693-5F9D-4793-8850-871EE231A314}.DebugDNF|Any CPU.Build.0 = Release|Any CPU
		{E4074693-5F9D-4793-8850-871EE231A314}.DebugDNF|x64.ActiveCfg = Debug|x64
		{E4074693-5F9D-4793-8850-871EE231A314}.DebugDNF|x64.Build.0 = Debug|x64
		{E4074693-5F9D-4793-8850-871EE231A314}.DebugDotNetFramework|Any CPU.ActiveCfg = Release|Any CPU
		{E4074693-5F9D-4793-8850-871EE231A314}.DebugDotNetFramework|Any CPU.Build.0 = Release|Any CPU
		{E4074693-5F9D-4793-8850-871EE231A314}.DebugDotNetFramework|x64.ActiveCfg = Debug|x64
		{E4074693-5F9D-4793-8850-871EE231A314}.DebugDotNetFramework|x64.Build.0 = Debug|x64
		{E4074693-5F9D-4793-8850-871EE231A314}.DebugFULL|Any CPU.ActiveCfg = Release|Any CPU
		{E4074693-5F9D-4793-8850-871EE231A314}.DebugFULL|Any CPU.Build.0 = Release|Any CPU
		{E4074693-5F9D-4793-8850-871EE231A314}.DebugFULL|x64.ActiveCfg = Debug|x64
		{E4074693-5F9D-4793-8850-871EE231A314}.DebugFULL|x64.Build.0 = Debug|x64
		{E4074693-5F9D-4793-8850-871EE231A314}.HeartBeat|Any CPU.ActiveCfg = HeartBeat|Any CPU
		{E4074693-5F9D-4793-8850-871EE231A314}.HeartBeat|Any CPU.Build.0 = HeartBeat|Any CPU
		{E4074693-5F9D-4793-8850-871EE231A314}.HeartBeat|x64.ActiveCfg = HeartBeat|x64
		{E4074693-5F9D-4793-8850-871EE231A314}.HeartBeat|x64.Build.0 = HeartBeat|x64
		{E4074693-5F9D-4793-8850-871EE231A314}.Release|Any CPU.ActiveCfg = Release|Any CPU
		{E4074693-5F9D-4793-8850-871EE231A314}.Release|Any CPU.Build.0 = Release|Any CPU
		{E4074693-5F9D-4793-8850-871EE231A314}.Release|x64.ActiveCfg = Release|x64
		{E4074693-5F9D-4793-8850-871EE231A314}.Release|x64.Build.0 = Release|x64
	EndGlobalSection
	GlobalSection(SolutionProperties) = preSolution
		HideSolutionNode = FALSE
	EndGlobalSection
	GlobalSection(ExtensibilityGlobals) = postSolution
		SolutionGuid = {9DE44F33-6896-45A2-A2FF-D0E9980CA57C}
	EndGlobalSection
EndGlobal
